// !$*UTF8*$!
{
	archiveVersion = 1;
	classes = {
	};
	objectVersion = 46;
	objects = {

/* Begin PBXBuildFile section */
		923B534C1D12BCEA00AF17BE /* AppDelegate.swift in Sources */ = {isa = PBXBuildFile; fileRef = 923B534B1D12BCEA00AF17BE /* AppDelegate.swift */; };
		923B534E1D12BCEA00AF17BE /* ViewController.swift in Sources */ = {isa = PBXBuildFile; fileRef = 923B534D1D12BCEA00AF17BE /* ViewController.swift */; };
		923B53511D12BCEA00AF17BE /* Main.storyboard in Resources */ = {isa = PBXBuildFile; fileRef = 923B534F1D12BCEA00AF17BE /* Main.storyboard */; };
		923B53531D12BCEA00AF17BE /* Assets.xcassets in Resources */ = {isa = PBXBuildFile; fileRef = 923B53521D12BCEA00AF17BE /* Assets.xcassets */; };
		923B53561D12BCEA00AF17BE /* LaunchScreen.storyboard in Resources */ = {isa = PBXBuildFile; fileRef = 923B53541D12BCEA00AF17BE /* LaunchScreen.storyboard */; };
		923B53611D12BCEA00AF17BE /* PrivatePhotoAlbumTests.swift in Sources */ = {isa = PBXBuildFile; fileRef = 923B53601D12BCEA00AF17BE /* PrivatePhotoAlbumTests.swift */; };
		923B536C1D12BCEA00AF17BE /* PrivatePhotoAlbumUITests.swift in Sources */ = {isa = PBXBuildFile; fileRef = 923B536B1D12BCEA00AF17BE /* PrivatePhotoAlbumUITests.swift */; };
/* End PBXBuildFile section */

/* Begin PBXContainerItemProxy section */
		923B535D1D12BCEA00AF17BE /* PBXContainerItemProxy */ = {
			isa = PBXContainerItemProxy;
			containerPortal = 923B53401D12BCEA00AF17BE /* Project object */;
			proxyType = 1;
			remoteGlobalIDString = 923B53471D12BCEA00AF17BE;
			remoteInfo = PrivatePhotoAlbum;
		};
		923B53681D12BCEA00AF17BE /* PBXContainerItemProxy */ = {
			isa = PBXContainerItemProxy;
			containerPortal = 923B53401D12BCEA00AF17BE /* Project object */;
			proxyType = 1;
			remoteGlobalIDString = 923B53471D12BCEA00AF17BE;
			remoteInfo = PrivatePhotoAlbum;
		};
/* End PBXContainerItemProxy section */

/* Begin PBXFileReference section */
		923B53481D12BCEA00AF17BE /* PrivatePhotoAlbum.app */ = {isa = PBXFileReference; explicitFileType = wrapper.application; includeInIndex = 0; path = PrivatePhotoAlbum.app; sourceTree = BUILT_PRODUCTS_DIR; };
		923B534B1D12BCEA00AF17BE /* AppDelegate.swift */ = {isa = PBXFileReference; lastKnownFileType = sourcecode.swift; path = AppDelegate.swift; sourceTree = "<group>"; };
		923B534D1D12BCEA00AF17BE /* ViewController.swift */ = {isa = PBXFileReference; lastKnownFileType = sourcecode.swift; path = ViewController.swift; sourceTree = "<group>"; };
		923B53501D12BCEA00AF17BE /* Base */ = {isa = PBXFileReference; lastKnownFileType = file.storyboard; name = Base; path = Base.lproj/Main.storyboard; sourceTree = "<group>"; };
		923B53521D12BCEA00AF17BE /* Assets.xcassets */ = {isa = PBXFileReference; lastKnownFileType = folder.assetcatalog; path = Assets.xcassets; sourceTree = "<group>"; };
		923B53551D12BCEA00AF17BE /* Base */ = {isa = PBXFileReference; lastKnownFileType = file.storyboard; name = Base; path = Base.lproj/LaunchScreen.storyboard; sourceTree = "<group>"; };
		923B53571D12BCEA00AF17BE /* Info.plist */ = {isa = PBXFileReference; lastKnownFileType = text.plist.xml; path = Info.plist; sourceTree = "<group>"; };
		923B535C1D12BCEA00AF17BE /* PrivatePhotoAlbumTests.xctest */ = {isa = PBXFileReference; explicitFileType = wrapper.cfbundle; includeInIndex = 0; path = PrivatePhotoAlbumTests.xctest; sourceTree = BUILT_PRODUCTS_DIR; };
		923B53601D12BCEA00AF17BE /* PrivatePhotoAlbumTests.swift */ = {isa = PBXFileReference; lastKnownFileType = sourcecode.swift; path = PrivatePhotoAlbumTests.swift; sourceTree = "<group>"; };
		923B53621D12BCEA00AF17BE /* Info.plist */ = {isa = PBXFileReference; lastKnownFileType = text.plist.xml; path = Info.plist; sourceTree = "<group>"; };
		923B53671D12BCEA00AF17BE /* PrivatePhotoAlbumUITests.xctest */ = {isa = PBXFileReference; explicitFileType = wrapper.cfbundle; includeInIndex = 0; path = PrivatePhotoAlbumUITests.xctest; sourceTree = BUILT_PRODUCTS_DIR; };
		923B536B1D12BCEA00AF17BE /* PrivatePhotoAlbumUITests.swift */ = {isa = PBXFileReference; lastKnownFileType = sourcecode.swift; path = PrivatePhotoAlbumUITests.swift; sourceTree = "<group>"; };
		923B536D1D12BCEA00AF17BE /* Info.plist */ = {isa = PBXFileReference; lastKnownFileType = text.plist.xml; path = Info.plist; sourceTree = "<group>"; };
/* End PBXFileReference section */

/* Begin PBXFrameworksBuildPhase section */
		923B53451D12BCEA00AF17BE /* Frameworks */ = {
			isa = PBXFrameworksBuildPhase;
			buildActionMask = 2147483647;
			files = (
			);
			runOnlyForDeploymentPostprocessing = 0;
		};
		923B53591D12BCEA00AF17BE /* Frameworks */ = {
			isa = PBXFrameworksBuildPhase;
			buildActionMask = 2147483647;
			files = (
			);
			runOnlyForDeploymentPostprocessing = 0;
		};
		923B53641D12BCEA00AF17BE /* Frameworks */ = {
			isa = PBXFrameworksBuildPhase;
			buildActionMask = 2147483647;
			files = (
			);
			runOnlyForDeploymentPostprocessing = 0;
		};
/* End PBXFrameworksBuildPhase section */

/* Begin PBXGroup section */
		923B533F1D12BCEA00AF17BE = {
			isa = PBXGroup;
			children = (
				923B534A1D12BCEA00AF17BE /* PrivatePhotoAlbum */,
				923B535F1D12BCEA00AF17BE /* PrivatePhotoAlbumTests */,
				923B536A1D12BCEA00AF17BE /* PrivatePhotoAlbumUITests */,
				923B53491D12BCEA00AF17BE /* Products */,
			);
			sourceTree = "<group>";
		};
		923B53491D12BCEA00AF17BE /* Products */ = {
			isa = PBXGroup;
			children = (
				923B53481D12BCEA00AF17BE /* PrivatePhotoAlbum.app */,
				923B535C1D12BCEA00AF17BE /* PrivatePhotoAlbumTests.xctest */,
				923B53671D12BCEA00AF17BE /* PrivatePhotoAlbumUITests.xctest */,
			);
			name = Products;
			sourceTree = "<group>";
		};
		923B534A1D12BCEA00AF17BE /* PrivatePhotoAlbum */ = {
			isa = PBXGroup;
			children = (
				923B534B1D12BCEA00AF17BE /* AppDelegate.swift */,
				923B534D1D12BCEA00AF17BE /* ViewController.swift */,
				923B534F1D12BCEA00AF17BE /* Main.storyboard */,
				923B53521D12BCEA00AF17BE /* Assets.xcassets */,
				923B53541D12BCEA00AF17BE /* LaunchScreen.storyboard */,
				923B53571D12BCEA00AF17BE /* Info.plist */,
			);
			path = PrivatePhotoAlbum;
			sourceTree = "<group>";
		};
		923B535F1D12BCEA00AF17BE /* PrivatePhotoAlbumTests */ = {
			isa = PBXGroup;
			children = (
				923B53601D12BCEA00AF17BE /* PrivatePhotoAlbumTests.swift */,
				923B53621D12BCEA00AF17BE /* Info.plist */,
			);
			path = PrivatePhotoAlbumTests;
			sourceTree = "<group>";
		};
		923B536A1D12BCEA00AF17BE /* PrivatePhotoAlbumUITests */ = {
			isa = PBXGroup;
			children = (
				923B536B1D12BCEA00AF17BE /* PrivatePhotoAlbumUITests.swift */,
				923B536D1D12BCEA00AF17BE /* Info.plist */,
			);
			path = PrivatePhotoAlbumUITests;
			sourceTree = "<group>";
		};
/* End PBXGroup section */

/* Begin PBXNativeTarget section */
		923B53471D12BCEA00AF17BE /* PrivatePhotoAlbum */ = {
			isa = PBXNativeTarget;
			buildConfigurationList = 923B53701D12BCEA00AF17BE /* Build configuration list for PBXNativeTarget "PrivatePhotoAlbum" */;
			buildPhases = (
				923B53441D12BCEA00AF17BE /* Sources */,
				923B53451D12BCEA00AF17BE /* Frameworks */,
				923B53461D12BCEA00AF17BE /* Resources */,
			);
			buildRules = (
			);
			dependencies = (
			);
			name = PrivatePhotoAlbum;
			productName = PrivatePhotoAlbum;
			productReference = 923B53481D12BCEA00AF17BE /* PrivatePhotoAlbum.app */;
			productType = "com.apple.product-type.application";
		};
		923B535B1D12BCEA00AF17BE /* PrivatePhotoAlbumTests */ = {
			isa = PBXNativeTarget;
			buildConfigurationList = 923B53731D12BCEA00AF17BE /* Build configuration list for PBXNativeTarget "PrivatePhotoAlbumTests" */;
			buildPhases = (
				923B53581D12BCEA00AF17BE /* Sources */,
				923B53591D12BCEA00AF17BE /* Frameworks */,
				923B535A1D12BCEA00AF17BE /* Resources */,
			);
			buildRules = (
			);
			dependencies = (
				923B535E1D12BCEA00AF17BE /* PBXTargetDependency */,
			);
			name = PrivatePhotoAlbumTests;
			productName = PrivatePhotoAlbumTests;
			productReference = 923B535C1D12BCEA00AF17BE /* PrivatePhotoAlbumTests.xctest */;
			productType = "com.apple.product-type.bundle.unit-test";
		};
		923B53661D12BCEA00AF17BE /* PrivatePhotoAlbumUITests */ = {
			isa = PBXNativeTarget;
			buildConfigurationList = 923B53761D12BCEA00AF17BE /* Build configuration list for PBXNativeTarget "PrivatePhotoAlbumUITests" */;
			buildPhases = (
				923B53631D12BCEA00AF17BE /* Sources */,
				923B53641D12BCEA00AF17BE /* Frameworks */,
				923B53651D12BCEA00AF17BE /* Resources */,
			);
			buildRules = (
			);
			dependencies = (
				923B53691D12BCEA00AF17BE /* PBXTargetDependency */,
			);
			name = PrivatePhotoAlbumUITests;
			productName = PrivatePhotoAlbumUITests;
			productReference = 923B53671D12BCEA00AF17BE /* PrivatePhotoAlbumUITests.xctest */;
			productType = "com.apple.product-type.bundle.ui-testing";
		};
/* End PBXNativeTarget section */

/* Begin PBXProject section */
		923B53401D12BCEA00AF17BE /* Project object */ = {
			isa = PBXProject;
			attributes = {
				LastSwiftUpdateCheck = 0730;
				LastUpgradeCheck = 0730;
				ORGANIZATIONNAME = Yuc;
				TargetAttributes = {
					923B53471D12BCEA00AF17BE = {
						CreatedOnToolsVersion = 7.3.1;
					};
					923B535B1D12BCEA00AF17BE = {
						CreatedOnToolsVersion = 7.3.1;
						TestTargetID = 923B53471D12BCEA00AF17BE;
					};
					923B53661D12BCEA00AF17BE = {
						CreatedOnToolsVersion = 7.3.1;
						TestTargetID = 923B53471D12BCEA00AF17BE;
					};
				};
			};
			buildConfigurationList = 923B53431D12BCEA00AF17BE /* Build configuration list for PBXProject "PrivatePhotoAlbum" */;
			compatibilityVersion = "Xcode 3.2";
			developmentRegion = English;
			hasScannedForEncodings = 0;
			knownRegions = (
				en,
				Base,
			);
			mainGroup = 923B533F1D12BCEA00AF17BE;
			productRefGroup = 923B53491D12BCEA00AF17BE /* Products */;
			projectDirPath = "";
			projectRoot = "";
			targets = (
				923B53471D12BCEA00AF17BE /* PrivatePhotoAlbum */,
				923B535B1D12BCEA00AF17BE /* PrivatePhotoAlbumTests */,
				923B53661D12BCEA00AF17BE /* PrivatePhotoAlbumUITests */,
			);
		};
/* End PBXProject section */

/* Begin PBXResourcesBuildPhase section */
		923B53461D12BCEA00AF17BE /* Resources */ = {
			isa = PBXResourcesBuildPhase;
			buildActionMask = 2147483647;
			files = (
				923B53561D12BCEA00AF17BE /* LaunchScreen.storyboard in Resources */,
				923B53531D12BCEA00AF17BE /* Assets.xcassets in Resources */,
				923B53511D12BCEA00AF17BE /* Main.storyboard in Resources */,
			);
			runOnlyForDeploymentPostprocessing = 0;
		};
		923B535A1D12BCEA00AF17BE /* Resources */ = {
			isa = PBXResourcesBuildPhase;
			buildActionMask = 2147483647;
			files = (
			);
			runOnlyForDeploymentPostprocessing = 0;
		};
		923B53651D12BCEA00AF17BE /* Resources */ = {
			isa = PBXResourcesBuildPhase;
			buildActionMask = 2147483647;
			files = (
			);
			runOnlyForDeploymentPostprocessing = 0;
		};
/* End PBXResourcesBuildPhase section */

/* Begin PBXSourcesBuildPhase section */
		923B53441D12BCEA00AF17BE /* Sources */ = {
			isa = PBXSourcesBuildPhase;
			buildActionMask = 2147483647;
			files = (
				923B534E1D12BCEA00AF17BE /* ViewController.swift in Sources */,
				923B534C1D12BCEA00AF17BE /* AppDelegate.swift in Sources */,
			);
			runOnlyForDeploymentPostprocessing = 0;
		};
		923B53581D12BCEA00AF17BE /* Sources */ = {
			isa = PBXSourcesBuildPhase;
			buildActionMask = 2147483647;
			files = (
				923B53611D12BCEA00AF17BE /* PrivatePhotoAlbumTests.swift in Sources */,
			);
			runOnlyForDeploymentPostprocessing = 0;
		};
		923B53631D12BCEA00AF17BE /* Sources */ = {
			isa = PBXSourcesBuildPhase;
			buildActionMask = 2147483647;
			files = (
				923B536C1D12BCEA00AF17BE /* PrivatePhotoAlbumUITests.swift in Sources */,
			);
			runOnlyForDeploymentPostprocessing = 0;
		};
/* End PBXSourcesBuildPhase section */

/* Begin PBXTargetDependency section */
		923B535E1D12BCEA00AF17BE /* PBXTargetDependency */ = {
			isa = PBXTargetDependency;
			target = 923B53471D12BCEA00AF17BE /* PrivatePhotoAlbum */;
			targetProxy = 923B535D1D12BCEA00AF17BE /* PBXContainerItemProxy */;
		};
		923B53691D12BCEA00AF17BE /* PBXTargetDependency */ = {
			isa = PBXTargetDependency;
			target = 923B53471D12BCEA00AF17BE /* PrivatePhotoAlbum */;
			targetProxy = 923B53681D12BCEA00AF17BE /* PBXContainerItemProxy */;
		};
/* End PBXTargetDependency section */

/* Begin PBXVariantGroup section */
		923B534F1D12BCEA00AF17BE /* Main.storyboard */ = {
			isa = PBXVariantGroup;
			children = (
				923B53501D12BCEA00AF17BE /* Base */,
			);
			name = Main.storyboard;
			sourceTree = "<group>";
		};
		923B53541D12BCEA00AF17BE /* LaunchScreen.storyboard */ = {
			isa = PBXVariantGroup;
			children = (
				923B53551D12BCEA00AF17BE /* Base */,
			);
			name = LaunchScreen.storyboard;
			sourceTree = "<group>";
		};
/* End PBXVariantGroup section */

/* Begin XCBuildConfiguration section */
		923B536E1D12BCEA00AF17BE /* Debug */ = {
			isa = XCBuildConfiguration;
			buildSettings = {
				ALWAYS_SEARCH_USER_PATHS = NO;
				CLANG_ANALYZER_NONNULL = YES;
				CLANG_CXX_LANGUAGE_STANDARD = "gnu++0x";
				CLANG_CXX_LIBRARY = "libc++";
				CLANG_ENABLE_MODULES = YES;
				CLANG_ENABLE_OBJC_ARC = YES;
				CLANG_WARN_BOOL_CONVERSION = YES;
				CLANG_WARN_CONSTANT_CONVERSION = YES;
				CLANG_WARN_DIRECT_OBJC_ISA_USAGE = YES_ERROR;
				CLANG_WARN_EMPTY_BODY = YES;
				CLANG_WARN_ENUM_CONVERSION = YES;
				CLANG_WARN_INT_CONVERSION = YES;
				CLANG_WARN_OBJC_ROOT_CLASS = YES_ERROR;
				CLANG_WARN_UNREACHABLE_CODE = YES;
				CLANG_WARN__DUPLICATE_METHOD_MATCH = YES;
				"CODE_SIGN_IDENTITY[sdk=iphoneos*]" = "iPhone Developer";
				COPY_PHASE_STRIP = NO;
				DEBUG_INFORMATION_FORMAT = dwarf;
				ENABLE_STRICT_OBJC_MSGSEND = YES;
				ENABLE_TESTABILITY = YES;
				GCC_C_LANGUAGE_STANDARD = gnu99;
				GCC_DYNAMIC_NO_PIC = NO;
				GCC_NO_COMMON_BLOCKS = YES;
				GCC_OPTIMIZATION_LEVEL = 0;
				GCC_PREPROCESSOR_DEFINITIONS = (
					"DEBUG=1",
					"$(inherited)",
				);
				GCC_WARN_64_TO_32_BIT_CONVERSION = YES;
				GCC_WARN_ABOUT_RETURN_TYPE = YES_ERROR;
				GCC_WARN_UNDECLARED_SELECTOR = YES;
				GCC_WARN_UNINITIALIZED_AUTOS = YES_AGGRESSIVE;
				GCC_WARN_UNUSED_FUNCTION = YES;
				GCC_WARN_UNUSED_VARIABLE = YES;
				IPHONEOS_DEPLOYMENT_TARGET = 9.3;
				MTL_ENABLE_DEBUG_INFO = YES;
				ONLY_ACTIVE_ARCH = YES;
				SDKROOT = iphoneos;
				SWIFT_OPTIMIZATION_LEVEL = "-Onone";
			};
			name = Debug;
		};
		923B536F1D12BCEA00AF17BE /* Release */ = {
			isa = XCBuildConfiguration;
			buildSettings = {
				ALWAYS_SEARCH_USER_PATHS = NO;
				CLANG_ANALYZER_NONNULL = YES;
				CLANG_CXX_LANGUAGE_STANDARD = "gnu++0x";
				CLANG_CXX_LIBRARY = "libc++";
				CLANG_ENABLE_MODULES = YES;
				CLANG_ENABLE_OBJC_ARC = YES;
				CLANG_WARN_BOOL_CONVERSION = YES;
				CLANG_WARN_CONSTANT_CONVERSION = YES;
				CLANG_WARN_DIRECT_OBJC_ISA_USAGE = YES_ERROR;
				CLANG_WARN_EMPTY_BODY = YES;
				CLANG_WARN_ENUM_CONVERSION = YES;
				CLANG_WARN_INT_CONVERSION = YES;
				CLANG_WARN_OBJC_ROOT_CLASS = YES_ERROR;
				CLANG_WARN_UNREACHABLE_CODE = YES;
				CLANG_WARN__DUPLICATE_METHOD_MATCH = YES;
				"CODE_SIGN_IDENTITY[sdk=iphoneos*]" = "iPhone Developer";
				COPY_PHASE_STRIP = NO;
				DEBUG_INFORMATION_FORMAT = "dwarf-with-dsym";
				ENABLE_NS_ASSERTIONS = NO;
				ENABLE_STRICT_OBJC_MSGSEND = YES;
				GCC_C_LANGUAGE_STANDARD = gnu99;
				GCC_NO_COMMON_BLOCKS = YES;
				GCC_WARN_64_TO_32_BIT_CONVERSION = YES;
				GCC_WARN_ABOUT_RETURN_TYPE = YES_ERROR;
				GCC_WARN_UNDECLARED_SELECTOR = YES;
				GCC_WARN_UNINITIALIZED_AUTOS = YES_AGGRESSIVE;
				GCC_WARN_UNUSED_FUNCTION = YES;
				GCC_WARN_UNUSED_VARIABLE = YES;
				IPHONEOS_DEPLOYMENT_TARGET = 9.3;
				MTL_ENABLE_DEBUG_INFO = NO;
				SDKROOT = iphoneos;
				VALIDATE_PRODUCT = YES;
			};
			name = Release;
		};
		923B53711D12BCEA00AF17BE /* Debug */ = {
			isa = XCBuildConfiguration;
			buildSettings = {
				ASSETCATALOG_COMPILER_APPICON_NAME = AppIcon;
				INFOPLIST_FILE = PrivatePhotoAlbum/Info.plist;
				LD_RUNPATH_SEARCH_PATHS = "$(inherited) @executable_path/Frameworks";
				PRODUCT_BUNDLE_IDENTIFIER = com.TokyoHot.PrivatePhotoAlbum;
				PRODUCT_NAME = "$(TARGET_NAME)";
			};
			name = Debug;
		};
		923B53721D12BCEA00AF17BE /* Release */ = {
			isa = XCBuildConfiguration;
			buildSettings = {
				ASSETCATALOG_COMPILER_APPICON_NAME = AppIcon;
				INFOPLIST_FILE = PrivatePhotoAlbum/Info.plist;
				LD_RUNPATH_SEARCH_PATHS = "$(inherited) @executable_path/Frameworks";
				PRODUCT_BUNDLE_IDENTIFIER = com.TokyoHot.PrivatePhotoAlbum;
				PRODUCT_NAME = "$(TARGET_NAME)";
			};
			name = Release;
		};
		923B53741D12BCEA00AF17BE /* Debug */ = {
			isa = XCBuildConfiguration;
			buildSettings = {
				BUNDLE_LOADER = "$(TEST_HOST)";
				INFOPLIST_FILE = PrivatePhotoAlbumTests/Info.plist;
				LD_RUNPATH_SEARCH_PATHS = "$(inherited) @executable_path/Frameworks @loader_path/Frameworks";
				PRODUCT_BUNDLE_IDENTIFIER = com.TokyoHot.PrivatePhotoAlbumTests;
				PRODUCT_NAME = "$(TARGET_NAME)";
				TEST_HOST = "$(BUILT_PRODUCTS_DIR)/PrivatePhotoAlbum.app/PrivatePhotoAlbum";
			};
			name = Debug;
		};
		923B53751D12BCEA00AF17BE /* Release */ = {
			isa = XCBuildConfiguration;
			buildSettings = {
				BUNDLE_LOADER = "$(TEST_HOST)";
				INFOPLIST_FILE = PrivatePhotoAlbumTests/Info.plist;
				LD_RUNPATH_SEARCH_PATHS = "$(inherited) @executable_path/Frameworks @loader_path/Frameworks";
				PRODUCT_BUNDLE_IDENTIFIER = com.TokyoHot.PrivatePhotoAlbumTests;
				PRODUCT_NAME = "$(TARGET_NAME)";
				TEST_HOST = "$(BUILT_PRODUCTS_DIR)/PrivatePhotoAlbum.app/PrivatePhotoAlbum";
			};
			name = Release;
		};
		923B53771D12BCEA00AF17BE /* Debug */ = {
			isa = XCBuildConfiguration;
			buildSettings = {
				INFOPLIST_FILE = PrivatePhotoAlbumUITests/Info.plist;
				LD_RUNPATH_SEARCH_PATHS = "$(inherited) @executable_path/Frameworks @loader_path/Frameworks";
				PRODUCT_BUNDLE_IDENTIFIER = com.TokyoHot.PrivatePhotoAlbumUITests;
				PRODUCT_NAME = "$(TARGET_NAME)";
				TEST_TARGET_NAME = PrivatePhotoAlbum;
			};
			name = Debug;
		};
		923B53781D12BCEA00AF17BE /* Release */ = {
			isa = XCBuildConfiguration;
			buildSettings = {
				INFOPLIST_FILE = PrivatePhotoAlbumUITests/Info.plist;
				LD_RUNPATH_SEARCH_PATHS = "$(inherited) @executable_path/Frameworks @loader_path/Frameworks";
				PRODUCT_BUNDLE_IDENTIFIER = com.TokyoHot.PrivatePhotoAlbumUITests;
				PRODUCT_NAME = "$(TARGET_NAME)";
				TEST_TARGET_NAME = PrivatePhotoAlbum;
			};
			name = Release;
		};
/* End XCBuildConfiguration section */

/* Begin XCConfigurationList section */
		923B53431D12BCEA00AF17BE /* Build configuration list for PBXProject "PrivatePhotoAlbum" */ = {
			isa = XCConfigurationList;
			buildConfigurations = (
				923B536E1D12BCEA00AF17BE /* Debug */,
				923B536F1D12BCEA00AF17BE /* Release */,
			);
			defaultConfigurationIsVisible = 0;
			defaultConfigurationName = Release;
		};
		923B53701D12BCEA00AF17BE /* Build configuration list for PBXNativeTarget "PrivatePhotoAlbum" */ = {
			isa = XCConfigurationList;
			buildConfigurations = (
				923B53711D12BCEA00AF17BE /* Debug */,
				923B53721D12BCEA00AF17BE /* Release */,
			);
			defaultConfigurationIsVisible = 0;
		};
		923B53731D12BCEA00AF17BE /* Build configuration list for PBXNativeTarget "PrivatePhotoAlbumTests" */ = {
			isa = XCConfigurationList;
			buildConfigurations = (
				923B53741D12BCEA00AF17BE /* Debug */,
				923B53751D12BCEA00AF17BE /* Release */,
			);
			defaultConfigurationIsVisible = 0;
		};
		923B53761D12BCEA00AF17BE /* Build configuration list for PBXNativeTarget "PrivatePhotoAlbumUITests" */ = {
			isa = XCConfigurationList;
			buildConfigurations = (
				923B53771D12BCEA00AF17BE /* Debug */,
				923B53781D12BCEA00AF17BE /* Release */,
			);
			defaultConfigurationIsVisible = 0;
		};
/* End XCConfigurationList section */
	};
	rootObject = 923B53401D12BCEA00AF17BE /* Project object */;
}
